
Microsoft Visual Studio Solution File, Format Version 12.00
# Visual Studio 15
Project("{FAE04EC0-301F-11D3-BF4B-00C04F79EFBC}") = "Assembly-CSharp", "Assembly-CSharp.csproj", "{03632590-80EB-6799-14E9-09A82AC55183}"
EndProject
Project("{FAE04EC0-301F-11D3-BF4B-00C04F79EFBC}") = "Assembly-CSharp-Editor", "Assembly-CSharp-Editor.csproj", "{D7AD5E56-1BFB-BD72-A2C2-F1834F134A60}"
EndProject
Global
	GlobalSection(SolutionConfigurationPlatforms) = preSolution
		Debug|Any CPU = Debug|Any CPU
		Release|Any CPU = Release|Any CPU
	EndGlobalSection
	GlobalSection(ProjectConfigurationPlatforms) = postSolution
		{03632590-80EB-6799-14E9-09A82AC55183}.Debug|Any CPU.ActiveCfg = Debug|Any CPU
		{03632590-80EB-6799-14E9-09A82AC55183}.Debug|Any CPU.Build.0 = Debug|Any CPU
		{03632590-80EB-6799-14E9-09A82AC55183}.Release|Any CPU.ActiveCfg = Release|Any CPU
		{03632590-80EB-6799-14E9-09A82AC55183}.Release|Any CPU.Build.0 = Release|Any CPU
		{D7AD5E56-1BFB-BD72-A2C2-F1834F134A60}.Debug|Any CPU.ActiveCfg = Debug|Any CPU
		{D7AD5E56-1BFB-BD72-A2C2-F1834F134A60}.Debug|Any CPU.Build.0 = Debug|Any CPU
		{D7AD5E56-1BFB-BD72-A2C2-F1834F134A60}.Release|Any CPU.ActiveCfg = Release|Any CPU
		{D7AD5E56-1BFB-BD72-A2C2-F1834F134A60}.Release|Any CPU.Build.0 = Release|Any CPU
	EndGlobalSection
	GlobalSection(SolutionProperties) = preSolution
		HideSolutionNode = FALSE
	EndGlobalSection
EndGlobal
